	<Project xmlns="http://schemas.microsoft.com/developer/msbuild/2003">
		<PropertyGroup>
			<ProjectGuid>{67B3B65A-3DB2-45F3-8524-964D7BFE6AED}</ProjectGuid>
			<MainSource>SMSProC.dpr</MainSource>
			<Base>True</Base>
			<Config Condition="'$(Config)'==''">Debug</Config>
			<Platform>Win32</Platform>
			<AppType>Application</AppType>
			<FrameworkType>VCL</FrameworkType>
			<DCC_DCCCompiler>DCC32</DCC_DCCCompiler>
			<ProjectVersion>12.3</ProjectVersion>
		</PropertyGroup>
		<PropertyGroup Condition="'$(Config)'=='Base' or '$(Base)'!=''">
			<Base>true</Base>
		</PropertyGroup>
		<PropertyGroup Condition="'$(Config)'=='Release' or '$(Cfg_1)'!=''">
			<Cfg_1>true</Cfg_1>
			<CfgParent>Base</CfgParent>
			<Base>true</Base>
		</PropertyGroup>
		<PropertyGroup Condition="'$(Config)'=='Debug' or '$(Cfg_2)'!=''">
			<Cfg_2>true</Cfg_2>
			<CfgParent>Base</CfgParent>
			<Base>true</Base>
		</PropertyGroup>
		<PropertyGroup Condition="'$(Base)'!=''">
			<DCC_ImageBase>00400000</DCC_ImageBase>
			<DCC_UsePackage>vcl;rtl;vclx;indy;inet;xmlrtl;vclie;inetdbbde;inetdbxpress;dbrtl;dsnap;dsnapcon;vcldb;soaprtl;VclSmp;dbexpress;dbxcds;inetdb;bdertl;vcldbx;webdsnap;websnap;adortl;ibxpress;dss;visualclx;visualdbclx;vclactnband;vclshlctrls;IntrawebDB_50_70;Intraweb_50_70;Rave50CLX;Rave50VCL;dclOfficeXP;ip4000v7;ip4000clientvcl7;ip4000wordxpvcl7;fc4000v7;Rz30Ctls70;Rz30DBCtls70;qrpt;Tee77;TeeUI77;TeeDB77;TeePro77;TeeGL77;TeeImage77;TeeLanguage77</DCC_UsePackage>
			<DCC_UnitAlias>WinTypes=Windows;WinProcs=Windows;DbiTypes=BDE;DbiProcs=BDE;DbiErrs=BDE;$(DCC_UnitAlias)</DCC_UnitAlias>
			<DCC_UnitSearchPath>C:\Program Files\Steema Software\TeeChart 7 for Delphi 7\Delphi7\Lib;C:\Program Files\Steema Software\TeeChart\Sources\..\TeeTree\Compiled\Delphi7\Lib;C:\Program Files\Steema Software\TeeChart\Sources\Compiled\Delphi7\Lib;$(DCC_UnitSearchPath)</DCC_UnitSearchPath>
			<DCC_E>false</DCC_E>
			<DCC_N>true</DCC_N>
			<DCC_S>false</DCC_S>
			<DCC_F>false</DCC_F>
			<DCC_K>false</DCC_K>
		</PropertyGroup>
		<PropertyGroup Condition="'$(Cfg_1)'!=''">
			<DCC_LocalDebugSymbols>false</DCC_LocalDebugSymbols>
			<DCC_Define>RELEASE;$(DCC_Define)</DCC_Define>
			<DCC_SymbolReferenceInfo>0</DCC_SymbolReferenceInfo>
			<DCC_DebugInformation>false</DCC_DebugInformation>
		</PropertyGroup>
		<PropertyGroup Condition="'$(Cfg_2)'!=''">
			<DCC_Define>DEBUG;$(DCC_Define)</DCC_Define>
			<DCC_Optimize>false</DCC_Optimize>
			<DCC_GenerateStackFrames>true</DCC_GenerateStackFrames>
		</PropertyGroup>
		<ItemGroup>
			<DelphiCompile Include="SMSProC.dpr">
				<MainSource>MainSource</MainSource>
			</DelphiCompile>
			<DCCReference Include="Main.pas">
				<Form>frmMain</Form>
			</DCCReference>
			<DCCReference Include="About.pas">
				<Form>frmAbout</Form>
			</DCCReference>
			<DCCReference Include="Like.pas">
				<Form>frmLike</Form>
			</DCCReference>
			<DCCReference Include="Misk.pas"/>
			<DCCReference Include="DM.pas">
				<Form>frmDM</Form>
				<DesignClass>TDataModule</DesignClass>
			</DCCReference>
			<DCCReference Include="ExportOptions.pas">
				<Form>frmExportOptions</Form>
			</DCCReference>
			<DCCReference Include="devex_loc.pas"/>
			<DCCReference Include="AdminProg.pas">
				<Form>frmAdminProg</Form>
			</DCCReference>
			<DCCReference Include="Services.pas">
				<Form>frmServices</Form>
			</DCCReference>
			<DCCReference Include="Questions.pas">
				<Form>frmQuestions</Form>
			</DCCReference>
			<DCCReference Include="Templates.pas">
				<Form>frmTemplates</Form>
			</DCCReference>
			<DCCReference Include="Prizes.pas">
				<Form>frmPrizes</Form>
			</DCCReference>
			<DCCReference Include="Mssges.pas">
				<Form>frmMessages</Form>
			</DCCReference>
			<DCCReference Include="LikeServices.pas">
				<Form>frmLikeServices</Form>
			</DCCReference>
			<DCCReference Include="LikeAnal.pas">
				<Form>frmLikeAnal</Form>
			</DCCReference>
			<DCCReference Include="SVAnalTotal.pas">
				<Form>frmSVAnalTotal</Form>
			</DCCReference>
			<DCCReference Include="ISUsers.pas">
				<Form>frmISUsers</Form>
			</DCCReference>
			<DCCReference Include="SVCompetitors.pas">
				<Form>frmSVCompetitors</Form>
			</DCCReference>
			<DCCReference Include="SendedSMS.pas">
				<Form>frmSendedSMS</Form>
			</DCCReference>
			<DCCReference Include="AdminUsers.pas">
				<Form>frmAdminUsers</Form>
			</DCCReference>
			<DCCReference Include="Operators.pas">
				<Form>frmOperators</Form>
			</DCCReference>
			<DCCReference Include="Sockets.pas">
				<Form>frmSockets</Form>
			</DCCReference>
			<DCCReference Include="Test.pas">
				<Form>frmTest</Form>
			</DCCReference>
			<DCCReference Include="LogIn.pas">
				<Form>frmLogIn</Form>
			</DCCReference>
			<DCCReference Include="PswdChange.pas">
				<Form>frmPswdChange</Form>
			</DCCReference>
			<BuildConfiguration Include="Debug">
				<Key>Cfg_2</Key>
				<CfgParent>Base</CfgParent>
			</BuildConfiguration>
			<BuildConfiguration Include="Base">
				<Key>Base</Key>
			</BuildConfiguration>
			<BuildConfiguration Include="Release">
				<Key>Cfg_1</Key>
				<CfgParent>Base</CfgParent>
			</BuildConfiguration>
		</ItemGroup>
		<Import Condition="Exists('$(BDS)\Bin\CodeGear.Delphi.Targets')" Project="$(BDS)\Bin\CodeGear.Delphi.Targets"/>
		<Import Condition="Exists('$(APPDATA)\Embarcadero\$(BDSAPPDATABASEDIR)\$(PRODUCTVERSION)\UserTools.proj')" Project="$(APPDATA)\Embarcadero\$(BDSAPPDATABASEDIR)\$(PRODUCTVERSION)\UserTools.proj"/>
		<ProjectExtensions>
			<Borland.Personality>Delphi.Personality.12</Borland.Personality>
			<Borland.ProjectType>VCLApplication</Borland.ProjectType>
			<BorlandProject>
				<Delphi.Personality>
					<Source>
						<Source Name="MainSource">SMSProC.dpr</Source>
					</Source>
					<Language>
						<Language Name="RootDir">D:\Albert\SMSProC\</Language>
					</Language>
					<VersionInfo>
						<VersionInfo Name="IncludeVerInfo">True</VersionInfo>
						<VersionInfo Name="AutoIncBuild">False</VersionInfo>
						<VersionInfo Name="MajorVer">1</VersionInfo>
						<VersionInfo Name="MinorVer">0</VersionInfo>
						<VersionInfo Name="Release">0</VersionInfo>
						<VersionInfo Name="Build">0</VersionInfo>
						<VersionInfo Name="Debug">False</VersionInfo>
						<VersionInfo Name="PreRelease">False</VersionInfo>
						<VersionInfo Name="Special">False</VersionInfo>
						<VersionInfo Name="Private">False</VersionInfo>
						<VersionInfo Name="DLL">False</VersionInfo>
						<VersionInfo Name="Locale">1049</VersionInfo>
						<VersionInfo Name="CodePage">1251</VersionInfo>
					</VersionInfo>
					<VersionInfoKeys>
						<VersionInfoKeys Name="CompanyName"/>
						<VersionInfoKeys Name="FileDescription"/>
						<VersionInfoKeys Name="FileVersion">1.0.0.0</VersionInfoKeys>
						<VersionInfoKeys Name="InternalName"/>
						<VersionInfoKeys Name="LegalCopyright"/>
						<VersionInfoKeys Name="LegalTrademarks"/>
						<VersionInfoKeys Name="OriginalFilename"/>
						<VersionInfoKeys Name="ProductName"/>
						<VersionInfoKeys Name="ProductVersion">1.0.0.0</VersionInfoKeys>
						<VersionInfoKeys Name="Comments"/>
					</VersionInfoKeys>
				</Delphi.Personality>
				<Platforms>
					<Platform value="Win32">True</Platform>
				</Platforms>
			</BorlandProject>
			<ProjectFileVersion>12</ProjectFileVersion>
		</ProjectExtensions>
	</Project>
